
Microsoft Visual Studio Solution File, Format Version 12.00
# Visual Studio Version 17
VisualStudioVersion = 17.12.35707.178
MinimumVisualStudioVersion = 10.0.40219.1
Project("{FAE04EC0-301F-11D3-BF4B-00C04F79EFBC}") = "ThreeFeeds", "ThreeFeeds\ThreeFeeds.csproj", "{F5D08EF1-553D-4665-9AC8-E3B9A43D7840}"
EndProject
Project("{FAE04EC0-301F-11D3-BF4B-00C04F79EFBC}") = "PointlessWaymarks.FeedReader", "PointlessWaymarksTools\PointlessWaymarks.FeedReader\PointlessWaymarks.FeedReader.csproj", "{37B0C377-32FB-4071-8619-D6EF9F06B7E4}"
EndProject
Project("{2150E333-8FDC-42A3-9474-1A3956D46DE8}") = "PointlessWaymarksTools", "PointlessWaymarksTools", "{3C1C22E7-A8A6-4719-824A-F4442F53879F}"
EndProject
Global
	GlobalSection(SolutionConfigurationPlatforms) = preSolution
		Debug|Any CPU = Debug|Any CPU
		Release|Any CPU = Release|Any CPU
	EndGlobalSection
	GlobalSection(ProjectConfigurationPlatforms) = postSolution
		{F5D08EF1-553D-4665-9AC8-E3B9A43D7840}.Debug|Any CPU.ActiveCfg = Debug|Any CPU
		{F5D08EF1-553D-4665-9AC8-E3B9A43D7840}.Debug|Any CPU.Build.0 = Debug|Any CPU
		{F5D08EF1-553D-4665-9AC8-E3B9A43D7840}.Release|Any CPU.ActiveCfg = Release|Any CPU
		{F5D08EF1-553D-4665-9AC8-E3B9A43D7840}.Release|Any CPU.Build.0 = Release|Any CPU
		{37B0C377-32FB-4071-8619-D6EF9F06B7E4}.Debug|Any CPU.ActiveCfg = Debug|Any CPU
		{37B0C377-32FB-4071-8619-D6EF9F06B7E4}.Debug|Any CPU.Build.0 = Debug|Any CPU
		{37B0C377-32FB-4071-8619-D6EF9F06B7E4}.Release|Any CPU.ActiveCfg = Release|Any CPU
		{37B0C377-32FB-4071-8619-D6EF9F06B7E4}.Release|Any CPU.Build.0 = Release|Any CPU
	EndGlobalSection
	GlobalSection(SolutionProperties) = preSolution
		HideSolutionNode = FALSE
	EndGlobalSection
	GlobalSection(NestedProjects) = preSolution
		{37B0C377-32FB-4071-8619-D6EF9F06B7E4} = {3C1C22E7-A8A6-4719-824A-F4442F53879F}
	EndGlobalSection
EndGlobal
